{
    "_meta": {
        "hash": {
            "sha256": "4393ee46a708fb9fcf6ff8647a0b295f7268f7330a3262c10c33b73b02ab14a5"
        },
        "pipfile-spec": 6,
        "requires": {
            "python_full_version": "3.10.12",
            "python_version": "3.10"
        },
        "sources": [
            {
                "name": "pypi",
                "url": "https://pypi.org/simple",
                "verify_ssl": true
            }
        ]
    },
    "default": {
        "llvmlite": {
            "hashes": [
                "sha256:09f83ea7a54509c285f905d968184bba00fc31ebf12f2b6b1494d677bb7dde9b",
                "sha256:0c23edd196bd797dc3a7860799054ea3488d2824ecabc03f9135110c2e39fcbc",
                "sha256:3673c53cb21c65d2ff3704962b5958e967c6fc0bd0cff772998face199e8d87b",
                "sha256:39a0b4d0088c01a469a5860d2e2d7a9b4e6a93c0f07eb26e71a9a872a8cadf8d",
                "sha256:467b43836b388eaedc5a106d76761e388dbc4674b2f2237bc477c6895b15a634",
                "sha256:4a7525db121f2e699809b539b5308228854ccab6693ecb01b52c44a2f5647e20",
                "sha256:5b3076dc4e9c107d16dc15ecb7f2faf94f7736cd2d5e9f4dc06287fd672452c1",
                "sha256:5cdb0d45df602099d833d50bd9e81353a5e036242d3c003c5b294fc61d1986b4",
                "sha256:7b37297f3cbd68d14a97223a30620589d98ad1890e5040c9e5fc181063f4ed49",
                "sha256:84747289775d0874e506f907a4513db889471607db19b04de97d144047fec885",
                "sha256:84ce9b1c7a59936382ffde7871978cddcda14098e5a76d961e204523e5c372fb",
                "sha256:9329b930d699699846623054121ed105fd0823ed2180906d3b3235d361645490",
                "sha256:96707ebad8b051bbb4fc40c65ef93b7eeee16643bd4d579a14d11578e4b7a647",
                "sha256:a36d9f244b6680cb90bbca66b146dabb2972f4180c64415c96f7c8a2d8b60a36",
                "sha256:a66a5bd580951751b4268f4c3bddcef92682814d6bc72f3cd3bb67f335dd7097",
                "sha256:bba2747cf5b4954e945c287fe310b3fcc484e2a9d1b0c273e99eb17d103bb0e6",
                "sha256:bbd5e82cc990e5a3e343a3bf855c26fdfe3bfae55225f00efd01c05bbda79918",
                "sha256:cda71de10a1f48416309e408ea83dab5bf36058f83e13b86a2961defed265568",
                "sha256:e2dbbb8424037ca287983b115a29adf37d806baf7e1bf4a67bd2cffb74e085ed",
                "sha256:e35766e42acef0fe7d1c43169a8ffc327a47808fae6a067b049fe0e9bbf84dd5",
                "sha256:e44f854dc11559795bcdeaf12303759e56213d42dabbf91a5897aa2d8b033810",
                "sha256:e74e7bec3235a1e1c9ad97d897a620c5007d0ed80c32c84c1d787e7daa17e4ec",
                "sha256:f643d15aacd0b0b0dc8b74b693822ba3f9a53fa63bc6a178c2dba7cc88f42144",
                "sha256:ff8f31111bb99d135ff296757dc81ab36c2dee54ed4bd429158a96da9807c316"
            ],
            "markers": "python_version >= '3.8'",
            "version": "==0.40.1"
        },
        "numba": {
            "hashes": [
                "sha256:33c0500170d213e66d90558ad6aca57d3e03e97bb11da82e6d87ab793648cb17",
                "sha256:3cf78d74ad9d289fbc1e5b1c9f2680fca7a788311eb620581893ab347ec37a7e",
                "sha256:3d6483c27520d16cf5d122868b79cad79e48056ecb721b52d70c126bed65431e",
                "sha256:4838edef2df5f056cb8974670f3d66562e751040c448eb0b67c7e2fec1726649",
                "sha256:4c078f84b5529a7fdb8413bb33d5100f11ec7b44aa705857d9eb4e54a54ff505",
                "sha256:53e9fab973d9e82c9f8449f75994a898daaaf821d84f06fbb0b9de2293dd9306",
                "sha256:5a82bf37444039c732485c072fda21a361790ed990f88db57fd6941cd5e5d307",
                "sha256:60ec56386076e9eed106a87c96626d5686fbb16293b9834f0849cf78c9491779",
                "sha256:643cb09a9ba9e1bd8b060e910aeca455e9442361e80fce97690795ff9840e681",
                "sha256:6c057ccedca95df23802b6ccad86bb318be624af45b5a38bb8412882be57a681",
                "sha256:8e00ca63c5d0ad2beeb78d77f087b3a88c45ea9b97e7622ab2ec411a868420ee",
                "sha256:93df62304ada9b351818ba19b1cfbddaf72cd89348e81474326ca0b23bf0bae1",
                "sha256:9587ba1bf5f3035575e45562ada17737535c6d612df751e811d702693a72d95e",
                "sha256:9a1b2b69448e510d672ff9a6b18d2db9355241d93c6a77677baa14bec67dc2a0",
                "sha256:9b17fbe4a69dcd9a7cd49916b6463cd9a82af5f84911feeb40793b8bce00dfa7",
                "sha256:9bcc36478773ce838f38afd9a4dfafc328d4ffb1915381353d657da7f6473282",
                "sha256:a32ee263649aa3c3587b833d6311305379529570e6c20deb0c6f4fb5bc7020db",
                "sha256:a3eac19529956185677acb7f01864919761bfffbb9ae04bbbe5e84bbc06cfc2b",
                "sha256:ae50c8c90c2ce8057f9618b589223e13faa8cbc037d8f15b4aad95a2c33a0582",
                "sha256:c0602e4f896e6a6d844517c3ab434bc978e7698a22a733cc8124465898c28fa8",
                "sha256:db8268eb5093cae2288942a8cbd69c9352f6fe6e0bfa0a9a27679436f92e4248",
                "sha256:e447c4634d1cc99ab50d4faa68f680f1d88b06a2a05acf134aa6fcc0342adeca",
                "sha256:f47dd214adc5dcd040fe9ad2adbd2192133c9075d2189ce1b3d5f9d72863ef05",
                "sha256:ff66d5b022af6c7d81ddbefa87768e78ed4f834ab2da6ca2fd0d60a9e69b94f5"
            ],
            "index": "pypi",
            "version": "==0.57.1"
        },
        "numpy": {
            "hashes": [
                "sha256:04640dab83f7c6c85abf9cd729c5b65f1ebd0ccf9de90b270cd61935eef0197f",
                "sha256:1452241c290f3e2a312c137a9999cdbf63f78864d63c79039bda65ee86943f61",
                "sha256:222e40d0e2548690405b0b3c7b21d1169117391c2e82c378467ef9ab4c8f0da7",
                "sha256:2541312fbf09977f3b3ad449c4e5f4bb55d0dbf79226d7724211acc905049400",
                "sha256:31f13e25b4e304632a4619d0e0777662c2ffea99fcae2029556b17d8ff958aef",
                "sha256:4602244f345453db537be5314d3983dbf5834a9701b7723ec28923e2889e0bb2",
                "sha256:4979217d7de511a8d57f4b4b5b2b965f707768440c17cb70fbf254c4b225238d",
                "sha256:4c21decb6ea94057331e111a5bed9a79d335658c27ce2adb580fb4d54f2ad9bc",
                "sha256:6620c0acd41dbcb368610bb2f4d83145674040025e5536954782467100aa8835",
                "sha256:692f2e0f55794943c5bfff12b3f56f99af76f902fc47487bdfe97856de51a706",
                "sha256:7215847ce88a85ce39baf9e89070cb860c98fdddacbaa6c0da3ffb31b3350bd5",
                "sha256:79fc682a374c4a8ed08b331bef9c5f582585d1048fa6d80bc6c35bc384eee9b4",
                "sha256:7ffe43c74893dbf38c2b0a1f5428760a1a9c98285553c89e12d70a96a7f3a4d6",
                "sha256:80f5e3a4e498641401868df4208b74581206afbee7cf7b8329daae82676d9463",
                "sha256:95f7ac6540e95bc440ad77f56e520da5bf877f87dca58bd095288dce8940532a",
                "sha256:9667575fb6d13c95f1b36aca12c5ee3356bf001b714fc354eb5465ce1609e62f",
                "sha256:a5425b114831d1e77e4b5d812b69d11d962e104095a5b9c3b641a218abcc050e",
                "sha256:b4bea75e47d9586d31e892a7401f76e909712a0fd510f58f5337bea9572c571e",
                "sha256:b7b1fc9864d7d39e28f41d089bfd6353cb5f27ecd9905348c24187a768c79694",
                "sha256:befe2bf740fd8373cf56149a5c23a0f601e82869598d41f8e188a0e9869926f8",
                "sha256:c0bfb52d2169d58c1cdb8cc1f16989101639b34c7d3ce60ed70b19c63eba0b64",
                "sha256:d11efb4dbecbdf22508d55e48d9c8384db795e1b7b51ea735289ff96613ff74d",
                "sha256:dd80e219fd4c71fc3699fc1dadac5dcf4fd882bfc6f7ec53d30fa197b8ee22dc",
                "sha256:e2926dac25b313635e4d6cf4dc4e51c8c0ebfed60b801c799ffc4c32bf3d1254",
                "sha256:e98f220aa76ca2a977fe435f5b04d7b3470c0a2e6312907b37ba6068f26787f2",
                "sha256:ed094d4f0c177b1b8e7aa9cba7d6ceed51c0e569a5318ac0ca9a090680a6a1b1",
                "sha256:f136bab9c2cfd8da131132c2cf6cc27331dd6fae65f95f69dcd4ae3c3639c810",
                "sha256:f3a86ed21e4f87050382c7bc96571755193c4c1392490744ac73d660e8f564a9"
            ],
            "markers": "python_version >= '3.8'",
            "version": "==1.24.4"
        },
        "pillow": {
            "hashes": [
                "sha256:00e65f5e822decd501e374b0650146063fbb30a7264b4d2744bdd7b913e0cab5",
                "sha256:040586f7d37b34547153fa383f7f9aed68b738992380ac911447bb78f2abe530",
                "sha256:0b6eb5502f45a60a3f411c63187db83a3d3107887ad0d036c13ce836f8a36f1d",
                "sha256:1f62406a884ae75fb2f818694469519fb685cc7eaff05d3451a9ebe55c646891",
                "sha256:22c10cc517668d44b211717fd9775799ccec4124b9a7f7b3635fc5386e584992",
                "sha256:3400aae60685b06bb96f99a21e1ada7bc7a413d5f49bce739828ecd9391bb8f7",
                "sha256:349930d6e9c685c089284b013478d6f76e3a534e36ddfa912cde493f235372f3",
                "sha256:368ab3dfb5f49e312231b6f27b8820c823652b7cd29cfbd34090565a015e99ba",
                "sha256:38250a349b6b390ee6047a62c086d3817ac69022c127f8a5dc058c31ccef17f3",
                "sha256:3a684105f7c32488f7153905a4e3015a3b6c7182e106fe3c37fbb5ef3e6994c3",
                "sha256:3a82c40d706d9aa9734289740ce26460a11aeec2d9c79b7af87bb35f0073c12f",
                "sha256:3b08d4cc24f471b2c8ca24ec060abf4bebc6b144cb89cba638c720546b1cf538",
                "sha256:3ed64f9ca2f0a95411e88a4efbd7a29e5ce2cea36072c53dd9d26d9c76f753b3",
                "sha256:3f07ea8d2f827d7d2a49ecf1639ec02d75ffd1b88dcc5b3a61bbb37a8759ad8d",
                "sha256:520f2a520dc040512699f20fa1c363eed506e94248d71f85412b625026f6142c",
                "sha256:5c6e3df6bdd396749bafd45314871b3d0af81ff935b2d188385e970052091017",
                "sha256:608bfdee0d57cf297d32bcbb3c728dc1da0907519d1784962c5f0c68bb93e5a3",
                "sha256:685ac03cc4ed5ebc15ad5c23bc555d68a87777586d970c2c3e216619a5476223",
                "sha256:76de421f9c326da8f43d690110f0e79fe3ad1e54be811545d7d91898b4c8493e",
                "sha256:76edb0a1fa2b4745fb0c99fb9fb98f8b180a1bbceb8be49b087e0b21867e77d3",
                "sha256:7be600823e4c8631b74e4a0d38384c73f680e6105a7d3c6824fcf226c178c7e6",
                "sha256:81ff539a12457809666fef6624684c008e00ff6bf455b4b89fd00a140eecd640",
                "sha256:88af2003543cc40c80f6fca01411892ec52b11021b3dc22ec3bc9d5afd1c5334",
                "sha256:8c11160913e3dd06c8ffdb5f233a4f254cb449f4dfc0f8f4549eda9e542c93d1",
                "sha256:8f8182b523b2289f7c415f589118228d30ac8c355baa2f3194ced084dac2dbba",
                "sha256:9211e7ad69d7c9401cfc0e23d49b69ca65ddd898976d660a2fa5904e3d7a9baa",
                "sha256:92be919bbc9f7d09f7ae343c38f5bb21c973d2576c1d45600fce4b74bafa7ac0",
                "sha256:9c82b5b3e043c7af0d95792d0d20ccf68f61a1fec6b3530e718b688422727396",
                "sha256:9f7c16705f44e0504a3a2a14197c1f0b32a95731d251777dcb060aa83022cb2d",
                "sha256:9fb218c8a12e51d7ead2a7c9e101a04982237d4855716af2e9499306728fb485",
                "sha256:a74ba0c356aaa3bb8e3eb79606a87669e7ec6444be352870623025d75a14a2bf",
                "sha256:b4f69b3700201b80bb82c3a97d5e9254084f6dd5fb5b16fc1a7b974260f89f43",
                "sha256:c189af0545965fa8d3b9613cfdb0cd37f9d71349e0f7750e1fd704648d475ed2",
                "sha256:c1fbe7621c167ecaa38ad29643d77a9ce7311583761abf7836e1510c580bf3dd",
                "sha256:c7cf14a27b0d6adfaebb3ae4153f1e516df54e47e42dcc073d7b3d76111a8d86",
                "sha256:c9f72a021fbb792ce98306ffb0c348b3c9cb967dce0f12a49aa4c3d3fdefa967",
                "sha256:cd25d2a9d2b36fcb318882481367956d2cf91329f6892fe5d385c346c0649629",
                "sha256:ce543ed15570eedbb85df19b0a1a7314a9c8141a36ce089c0a894adbfccb4568",
                "sha256:ce7b031a6fc11365970e6a5686d7ba8c63e4c1cf1ea143811acbb524295eabed",
                "sha256:d35e3c8d9b1268cbf5d3670285feb3528f6680420eafe35cccc686b73c1e330f",
                "sha256:d50b6aec14bc737742ca96e85d6d0a5f9bfbded018264b3b70ff9d8c33485551",
                "sha256:d5d0dae4cfd56969d23d94dc8e89fb6a217be461c69090768227beb8ed28c0a3",
                "sha256:d5db32e2a6ccbb3d34d87c87b432959e0db29755727afb37290e10f6e8e62614",
                "sha256:d72e2ecc68a942e8cf9739619b7f408cc7b272b279b56b2c83c6123fcfa5cdff",
                "sha256:d737a602fbd82afd892ca746392401b634e278cb65d55c4b7a8f48e9ef8d008d",
                "sha256:d80cf684b541685fccdd84c485b31ce73fc5c9b5d7523bf1394ce134a60c6883",
                "sha256:db24668940f82321e746773a4bc617bfac06ec831e5c88b643f91f122a785684",
                "sha256:dbc02381779d412145331789b40cc7b11fdf449e5d94f6bc0b080db0a56ea3f0",
                "sha256:dffe31a7f47b603318c609f378ebcd57f1554a3a6a8effbc59c3c69f804296de",
                "sha256:edf4392b77bdc81f36e92d3a07a5cd072f90253197f4a52a55a8cec48a12483b",
                "sha256:efe8c0681042536e0d06c11f48cebe759707c9e9abf880ee213541c5b46c5bf3",
                "sha256:f31f9fdbfecb042d046f9d91270a0ba28368a723302786c0009ee9b9f1f60199",
                "sha256:f88a0b92277de8e3ca715a0d79d68dc82807457dae3ab8699c758f07c20b3c51",
                "sha256:faaf07ea35355b01a35cb442dd950d8f1bb5b040a7787791a535de13db15ed90"
            ],
            "index": "pypi",
            "version": "==10.0.0"
        },
        "scipy": {
            "hashes": [
                "sha256:08d957ca82d3535b3b9ba6c8ff355d78fe975271874e2af267cb5add5bd78625",
                "sha256:249cfa465c379c9bb2c20123001e151ff5e29b351cbb7f9c91587260602c58d0",
                "sha256:366a6a937110d80dca4f63b3f5b00cc89d36f678b2d124a01067b154e692bab1",
                "sha256:39154437654260a52871dfde852adf1b93b1d1bc5dc0ffa70068f16ec0be2624",
                "sha256:396fae3f8c12ad14c5f3eb40499fd06a6fef8393a6baa352a652ecd51e74e029",
                "sha256:3b9963798df1d8a52db41a6fc0e6fa65b1c60e85d73da27ae8bb754de4792481",
                "sha256:3e8eb42db36526b130dfbc417609498a6192381abc1975b91e3eb238e0b41c1a",
                "sha256:512fdc18c65f76dadaca139348e525646d440220d8d05f6d21965b8d4466bccd",
                "sha256:aec8c62fbe52914f9cf28d846cf0401dd80ab80788bbab909434eb336ed07c04",
                "sha256:b41a0f322b4eb51b078cb3441e950ad661ede490c3aca66edef66f4b37ab1877",
                "sha256:b4bb943010203465ac81efa392e4645265077b4d9e99b66cf3ed33ae12254173",
                "sha256:b588311875c58d1acd4ef17c983b9f1ab5391755a47c3d70b6bd503a45bfaf71",
                "sha256:ba94eeef3c9caa4cea7b402a35bb02a5714ee1ee77eb98aca1eed4543beb0f4c",
                "sha256:be8c962a821957fdde8c4044efdab7a140c13294997a407eaee777acf63cbf0c",
                "sha256:cce154372f0ebe88556ed06d7b196e9c2e0c13080ecb58d0f35062dc7cc28b47",
                "sha256:d51565560565a0307ed06fa0ec4c6f21ff094947d4844d6068ed04400c72d0c3",
                "sha256:e866514bc2d660608447b6ba95c8900d591f2865c07cca0aa4f7ff3c4ca70f30",
                "sha256:fb5b492fa035334fd249f0973cc79ecad8b09c604b42a127a677b45a9a3d4289",
                "sha256:ffb28e3fa31b9c376d0fb1f74c1f13911c8c154a760312fbee87a21eb21efe31"
            ],
            "index": "pypi",
            "version": "==1.11.1"
        }
    },
    "develop": {}
}
